
Microsoft Visual Studio Solution File, Format Version 12.00
Project("{FAE04EC0-301F-11D3-BF4B-00C04F79EFBC}") = "simpleDuolingo", "simpleDuolingo\simpleDuolingo.csproj", "{B52655B9-37DB-45D0-91CD-A12351082258}"
EndProject
Global
	GlobalSection(SolutionConfigurationPlatforms) = preSolution
		Debug|Any CPU = Debug|Any CPU
		Release|Any CPU = Release|Any CPU
	EndGlobalSection
	GlobalSection(ProjectConfigurationPlatforms) = postSolution
		{B52655B9-37DB-45D0-91CD-A12351082258}.Debug|Any CPU.ActiveCfg = Debug|Any CPU
		{B52655B9-37DB-45D0-91CD-A12351082258}.Debug|Any CPU.Build.0 = Debug|Any CPU
		{B52655B9-37DB-45D0-91CD-A12351082258}.Release|Any CPU.ActiveCfg = Release|Any CPU
		{B52655B9-37DB-45D0-91CD-A12351082258}.Release|Any CPU.Build.0 = Release|Any CPU
	EndGlobalSection
EndGlobal
